{
  "version": 4,
  "terraform_version": "1.1.1",
  "serial": 149,
  "lineage": "1115a380-9a70-fea4-69c0-3ceed2552ea3",
  "outputs": {},
  "resources": [
    {
      "mode": "data",
      "type": "mongodbatlas_network_container",
      "name": "atlas_container",
      "provider": "provider[\"registry.terraform.io/mongodb/mongodbatlas\"]",
      "instances": [
        {
          "schema_version": 0,
          "attributes": {
            "atlas_cidr_block": "192.168.240.0/21",
            "azure_subscription_id": "",
            "container_id": "623e4e6f42ad90568a08c261",
            "gcp_project_id": "",
            "id": "623e4e6f42ad90568a08c261",
            "network_name": "",
            "project_id": "623e4e6d129e4b2a0227e014",
            "provider_name": "AWS",
            "provisioned": false,
            "region": "",
            "region_name": "US_EAST_1",
            "regions": [],
            "vnet_name": "",
            "vpc_id": ""
          },
          "sensitive_attributes": []
        }
      ]
    },
    {
      "mode": "managed",
      "type": "aws_instance",
      "name": "instance",
      "provider": "provider[\"registry.terraform.io/hashicorp/aws\"]",
      "instances": [
        {
          "schema_version": 1,
          "attributes": {
            "ami": "ami-0c02fb55956c7d316",
            "arn": "arn:aws:ec2:us-east-1:744965948494:instance/i-010d5c7fec33bc6a9",
            "associate_public_ip_address": true,
            "availability_zone": "us-east-1a",
            "capacity_reservation_specification": [
              {
                "capacity_reservation_preference": "open",
                "capacity_reservation_target": []
              }
            ],
            "cpu_core_count": 1,
            "cpu_threads_per_core": 1,
            "credit_specification": [
              {
                "cpu_credits": "standard"
              }
            ],
            "disable_api_termination": false,
            "ebs_block_device": [],
            "ebs_optimized": false,
            "enclave_options": [
              {
                "enabled": false
              }
            ],
            "ephemeral_block_device": [],
            "get_password_data": false,
            "hibernation": false,
            "host_id": null,
            "iam_instance_profile": "",
            "id": "i-010d5c7fec33bc6a9",
            "instance_initiated_shutdown_behavior": "stop",
            "instance_state": "running",
            "instance_type": "t2.micro",
            "ipv6_address_count": 0,
            "ipv6_addresses": [],
            "key_name": "",
            "launch_template": [],
            "metadata_options": [
              {
                "http_endpoint": "enabled",
                "http_put_response_hop_limit": 1,
                "http_tokens": "optional",
                "instance_metadata_tags": "disabled"
              }
            ],
            "monitoring": false,
            "network_interface": [],
            "outpost_arn": "",
            "password_data": "",
            "placement_group": "",
            "placement_partition_number": null,
            "primary_network_interface_id": "eni-0c3d869e9238d9ec4",
            "private_dns": "ip-172-31-94-149.ec2.internal",
            "private_ip": "172.31.94.149",
            "public_dns": "ec2-3-82-225-3.compute-1.amazonaws.com",
            "public_ip": "3.82.225.3",
            "root_block_device": [
              {
                "delete_on_termination": true,
                "device_name": "/dev/xvda",
                "encrypted": false,
                "iops": 100,
                "kms_key_id": "",
                "tags": {},
                "throughput": 0,
                "volume_id": "vol-0cd8272f923c751da",
                "volume_size": 8,
                "volume_type": "gp2"
              }
            ],
            "secondary_private_ips": [],
            "security_groups": [
              "default"
            ],
            "source_dest_check": true,
            "subnet_id": "subnet-0139dd407f151cd95",
            "tags": null,
            "tags_all": {},
            "tenancy": "default",
            "timeouts": null,
            "user_data": null,
            "user_data_base64": null,
            "volume_tags": null,
            "vpc_security_group_ids": [
              "sg-080ba1d63c0c6b11a"
            ]
          },
          "sensitive_attributes": [],
          "private": "eyJlMmJmYjczMC1lY2FhLTExZTYtOGY4OC0zNDM2M2JjN2M0YzAiOnsiY3JlYXRlIjo2MDAwMDAwMDAwMDAsImRlbGV0ZSI6MTIwMDAwMDAwMDAwMCwidXBkYXRlIjo2MDAwMDAwMDAwMDB9LCJzY2hlbWFfdmVyc2lvbiI6IjEifQ=="
        }
      ]
    },
    {
      "mode": "managed",
      "type": "aws_internet_gateway",
      "name": "primary",
      "provider": "provider[\"registry.terraform.io/hashicorp/aws\"]",
      "instances": [
        {
          "schema_version": 0,
          "attributes": {
            "arn": "arn:aws:ec2:us-east-1:744965948494:internet-gateway/igw-056bc0576d143416a",
            "id": "igw-056bc0576d143416a",
            "owner_id": "744965948494",
            "tags": null,
            "tags_all": {},
            "vpc_id": "vpc-0c5ce313dcf64677b"
          },
          "sensitive_attributes": [],
          "private": "bnVsbA==",
          "dependencies": [
            "aws_vpc.primary"
          ]
        }
      ]
    },
    {
      "mode": "managed",
      "type": "aws_route",
      "name": "peeraccess",
      "provider": "provider[\"registry.terraform.io/hashicorp/aws\"]",
      "instances": [
        {
          "schema_version": 0,
          "attributes": {
            "carrier_gateway_id": "",
            "destination_cidr_block": "192.168.240.0/21",
            "destination_ipv6_cidr_block": "",
            "destination_prefix_list_id": "",
            "egress_only_gateway_id": "",
            "gateway_id": "",
            "id": "r-rtb-02ee900cfa32d01953936444594",
            "instance_id": "",
            "instance_owner_id": "",
            "local_gateway_id": "",
            "nat_gateway_id": "",
            "network_interface_id": "",
            "origin": "CreateRoute",
            "route_table_id": "rtb-02ee900cfa32d0195",
            "state": "active",
            "timeouts": null,
            "transit_gateway_id": "",
            "vpc_endpoint_id": "",
            "vpc_peering_connection_id": "pcx-0b316cf75043b1310"
          },
          "sensitive_attributes": [],
          "private": "eyJlMmJmYjczMC1lY2FhLTExZTYtOGY4OC0zNDM2M2JjN2M0YzAiOnsiY3JlYXRlIjozMDAwMDAwMDAwMDAsImRlbGV0ZSI6MzAwMDAwMDAwMDAwLCJ1cGRhdGUiOjEyMDAwMDAwMDAwMH19",
          "dependencies": [
            "aws_vpc.primary",
            "aws_vpc_peering_connection_accepter.peer",
            "mongodbatlas_network_container.atlas_container",
            "mongodbatlas_network_peering.aws-atlas",
            "mongodbatlas_project.aws_atlas"
          ]
        }
      ]
    },
    {
      "mode": "managed",
      "type": "aws_route",
      "name": "primary-internet_access",
      "provider": "provider[\"registry.terraform.io/hashicorp/aws\"]",
      "instances": [
        {
          "schema_version": 0,
          "attributes": {
            "carrier_gateway_id": "",
            "destination_cidr_block": "0.0.0.0/0",
            "destination_ipv6_cidr_block": "",
            "destination_prefix_list_id": "",
            "egress_only_gateway_id": "",
            "gateway_id": "igw-056bc0576d143416a",
            "id": "r-rtb-02ee900cfa32d01951080289494",
            "instance_id": "",
            "instance_owner_id": "",
            "local_gateway_id": "",
            "nat_gateway_id": "",
            "network_interface_id": "",
            "origin": "CreateRoute",
            "route_table_id": "rtb-02ee900cfa32d0195",
            "state": "active",
            "timeouts": null,
            "transit_gateway_id": "",
            "vpc_endpoint_id": "",
            "vpc_peering_connection_id": ""
          },
          "sensitive_attributes": [],
          "private": "eyJlMmJmYjczMC1lY2FhLTExZTYtOGY4OC0zNDM2M2JjN2M0YzAiOnsiY3JlYXRlIjozMDAwMDAwMDAwMDAsImRlbGV0ZSI6MzAwMDAwMDAwMDAwLCJ1cGRhdGUiOjEyMDAwMDAwMDAwMH19",
          "dependencies": [
            "aws_internet_gateway.primary",
            "aws_vpc.primary"
          ]
        }
      ]
    },
    {
      "mode": "managed",
      "type": "aws_security_group",
      "name": "primary_default",
      "provider": "provider[\"registry.terraform.io/hashicorp/aws\"]",
      "instances": [
        {
          "schema_version": 1,
          "attributes": {
            "arn": "arn:aws:ec2:us-east-1:744965948494:security-group/sg-00e72bd03dfcb7776",
            "description": "Default security group for all instances in vpc-0c5ce313dcf64677b",
            "egress": [
              {
                "cidr_blocks": [
                  "0.0.0.0/0"
                ],
                "description": "",
                "from_port": 0,
                "ipv6_cidr_blocks": [],
                "prefix_list_ids": [],
                "protocol": "-1",
                "security_groups": [],
                "self": false,
                "to_port": 0
              }
            ],
            "id": "sg-00e72bd03dfcb7776",
            "ingress": [
              {
                "cidr_blocks": [
                  "10.0.0.0/24"
                ],
                "description": "",
                "from_port": 22,
                "ipv6_cidr_blocks": [],
                "prefix_list_ids": [],
                "protocol": "tcp",
                "security_groups": [],
                "self": false,
                "to_port": 22
              }
            ],
            "name": "default-20220325232129468900000001",
            "name_prefix": "default-",
            "owner_id": "744965948494",
            "revoke_rules_on_delete": false,
            "tags": null,
            "tags_all": {},
            "timeouts": null,
            "vpc_id": "vpc-0c5ce313dcf64677b"
          },
          "sensitive_attributes": [],
          "private": "eyJlMmJmYjczMC1lY2FhLTExZTYtOGY4OC0zNDM2M2JjN2M0YzAiOnsiY3JlYXRlIjo2MDAwMDAwMDAwMDAsImRlbGV0ZSI6OTAwMDAwMDAwMDAwfSwic2NoZW1hX3ZlcnNpb24iOiIxIn0=",
          "dependencies": [
            "aws_vpc.primary"
          ]
        }
      ]
    },
    {
      "mode": "managed",
      "type": "aws_subnet",
      "name": "primary-az1",
      "provider": "provider[\"registry.terraform.io/hashicorp/aws\"]",
      "instances": [
        {
          "schema_version": 1,
          "attributes": {
            "arn": "arn:aws:ec2:us-east-1:744965948494:subnet/subnet-0a311ac6736c1dbe6",
            "assign_ipv6_address_on_creation": false,
            "availability_zone": "us-east-1a",
            "availability_zone_id": "use1-az2",
            "cidr_block": "10.0.0.0/24",
            "customer_owned_ipv4_pool": "",
            "enable_dns64": false,
            "enable_resource_name_dns_a_record_on_launch": false,
            "enable_resource_name_dns_aaaa_record_on_launch": false,
            "id": "subnet-0a311ac6736c1dbe6",
            "ipv6_cidr_block": "",
            "ipv6_cidr_block_association_id": "",
            "ipv6_native": false,
            "map_customer_owned_ip_on_launch": false,
            "map_public_ip_on_launch": true,
            "outpost_arn": "",
            "owner_id": "744965948494",
            "private_dns_hostname_type_on_launch": "ip-name",
            "tags": null,
            "tags_all": {},
            "timeouts": null,
            "vpc_id": "vpc-0c5ce313dcf64677b"
          },
          "sensitive_attributes": [],
          "private": "eyJlMmJmYjczMC1lY2FhLTExZTYtOGY4OC0zNDM2M2JjN2M0YzAiOnsiY3JlYXRlIjo2MDAwMDAwMDAwMDAsImRlbGV0ZSI6MTIwMDAwMDAwMDAwMH0sInNjaGVtYV92ZXJzaW9uIjoiMSJ9",
          "dependencies": [
            "aws_vpc.primary"
          ]
        }
      ]
    },
    {
      "mode": "managed",
      "type": "aws_vpc",
      "name": "primary",
      "provider": "provider[\"registry.terraform.io/hashicorp/aws\"]",
      "instances": [
        {
          "schema_version": 1,
          "attributes": {
            "arn": "arn:aws:ec2:us-east-1:744965948494:vpc/vpc-0c5ce313dcf64677b",
            "assign_generated_ipv6_cidr_block": false,
            "cidr_block": "10.0.0.0/24",
            "default_network_acl_id": "acl-0b5d5ae7f59b4b9b6",
            "default_route_table_id": "rtb-02ee900cfa32d0195",
            "default_security_group_id": "sg-0e90a7d60b4fbcb0d",
            "dhcp_options_id": "dopt-07de8a4ac6b5ab793",
            "enable_classiclink": false,
            "enable_classiclink_dns_support": false,
            "enable_dns_hostnames": true,
            "enable_dns_support": true,
            "id": "vpc-0c5ce313dcf64677b",
            "instance_tenancy": "default",
            "ipv4_ipam_pool_id": null,
            "ipv4_netmask_length": null,
            "ipv6_association_id": "",
            "ipv6_cidr_block": "",
            "ipv6_cidr_block_network_border_group": "",
            "ipv6_ipam_pool_id": "",
            "ipv6_netmask_length": 0,
            "main_route_table_id": "rtb-02ee900cfa32d0195",
            "owner_id": "744965948494",
            "tags": null,
            "tags_all": {}
          },
          "sensitive_attributes": [],
          "private": "eyJzY2hlbWFfdmVyc2lvbiI6IjEifQ=="
        }
      ]
    },
    {
      "mode": "managed",
      "type": "aws_vpc_peering_connection_accepter",
      "name": "peer",
      "provider": "provider[\"registry.terraform.io/hashicorp/aws\"]",
      "instances": [
        {
          "schema_version": 0,
          "attributes": {
            "accept_status": "pending-acceptance",
            "accepter": [],
            "auto_accept": true,
            "id": "pcx-0b316cf75043b1310",
            "peer_owner_id": "894638218152",
            "peer_region": "us-east-1",
            "peer_vpc_id": "vpc-04b928f9e2940a3dd",
            "requester": [],
            "tags": null,
            "tags_all": {},
            "timeouts": null,
            "vpc_id": "vpc-0c5ce313dcf64677b",
            "vpc_peering_connection_id": "pcx-0b316cf75043b1310"
          },
          "sensitive_attributes": [],
          "private": "eyJlMmJmYjczMC1lY2FhLTExZTYtOGY4OC0zNDM2M2JjN2M0YzAiOnsiY3JlYXRlIjo2MDAwMDAwMDAwMCwidXBkYXRlIjo2MDAwMDAwMDAwMH19",
          "dependencies": [
            "aws_vpc.primary",
            "mongodbatlas_network_container.atlas_container",
            "mongodbatlas_network_peering.aws-atlas",
            "mongodbatlas_project.aws_atlas"
          ]
        }
      ]
    },
    {
      "mode": "managed",
      "type": "mongodbatlas_cluster",
      "name": "cluster-atlas",
      "provider": "provider[\"registry.terraform.io/mongodb/mongodbatlas\"]",
      "instances": [
        {
          "schema_version": 1,
          "attributes": {
            "advanced_configuration": [
              {
                "default_read_concern": "",
                "default_write_concern": "",
                "fail_index_key_too_long": false,
                "javascript_enabled": true,
                "minimum_enabled_tls_protocol": "TLS1_2",
                "no_table_scan": false,
                "oplog_size_mb": 0,
                "sample_refresh_interval_bi_connector": 0,
                "sample_size_bi_connector": 0
              }
            ],
            "auto_scaling_compute_enabled": false,
            "auto_scaling_compute_scale_down_enabled": false,
            "auto_scaling_disk_gb_enabled": true,
            "backing_provider_name": "",
            "backup_enabled": false,
            "bi_connector": null,
            "bi_connector_config": [
              {
                "enabled": false,
                "read_preference": "secondary"
              }
            ],
            "cloud_backup": true,
            "cluster_id": "623e4e6fbd09773fbf166515",
            "cluster_type": "REPLICASET",
            "connection_strings": [
              {
                "aws_private_link": {},
                "aws_private_link_srv": {},
                "private": "",
                "private_endpoint": [],
                "private_srv": "",
                "standard": "mongodb://cluster-atlas-terraform-shard-00-00.ilpil.mongodb.net:27017,cluster-atlas-terraform-shard-00-01.ilpil.mongodb.net:27017,cluster-atlas-terraform-shard-00-02.ilpil.mongodb.net:27017/?ssl=true\u0026authSource=admin\u0026replicaSet=atlas-n4xyrp-shard-0",
                "standard_srv": "mongodb+srv://cluster-atlas-terraform.ilpil.mongodb.net"
              }
            ],
            "container_id": "623e4e6f42ad90568a08c261",
            "disk_size_gb": 10,
            "encryption_at_rest_provider": "NONE",
            "id": "Y2x1c3Rlcl9pZA==:NjIzZTRlNmZiZDA5NzczZmJmMTY2NTE1-Y2x1c3Rlcl9uYW1l:Y2x1c3Rlci1hdGxhcy10ZXJyYWZvcm10ZXN0-cHJvamVjdF9pZA==:NjIzZTRlNmQxMjllNGIyYTAyMjdlMDE0-cHJvdmlkZXJfbmFtZQ==:QVdT",
            "labels": [],
            "mongo_db_major_version": "5.0",
            "mongo_db_version": "5.0.6",
            "mongo_uri": "mongodb://cluster-atlas-terraform-shard-00-00.ilpil.mongodb.net:27017,cluster-atlas-terraform-shard-00-01.ilpil.mongodb.net:27017,cluster-atlas-terraform-shard-00-02.ilpil.mongodb.net:27017",
            "mongo_uri_updated": "2022-03-25T23:31:19Z",
            "mongo_uri_with_options": "mongodb://cluster-atlas-terraform-shard-00-00.ilpil.mongodb.net:27017,cluster-atlas-terraform-shard-00-01.ilpil.mongodb.net:27017,cluster-atlas-terraform-shard-00-02.ilpil.mongodb.net:27017/?ssl=true\u0026authSource=admin\u0026replicaSet=atlas-n4xyrp-shard-0",
            "name": "cluster-atlas-terraformtest",
            "num_shards": 1,
            "paused": false,
            "pit_enabled": false,
            "project_id": "623e4e6d129e4b2a0227e014",
            "provider_auto_scaling_compute_max_instance_size": "",
            "provider_auto_scaling_compute_min_instance_size": "",
            "provider_backup_enabled": false,
            "provider_disk_iops": 3000,
            "provider_disk_type_name": "",
            "provider_encrypt_ebs_volume": null,
            "provider_encrypt_ebs_volume_flag": true,
            "provider_instance_size_name": "M10",
            "provider_name": "AWS",
            "provider_region_name": "US_EAST_1",
            "provider_volume_type": "STANDARD",
            "replication_factor": 3,
            "replication_specs": [
              {
                "id": "623e4e6fbd09773fbf16650e",
                "num_shards": 1,
                "regions_config": [
                  {
                    "analytics_nodes": 0,
                    "electable_nodes": 3,
                    "priority": 7,
                    "read_only_nodes": 0,
                    "region_name": "US_EAST_1"
                  }
                ],
                "zone_name": "ZoneName managed by Terraform"
              }
            ],
            "snapshot_backup_policy": [
              {
                "cluster_id": "623e4e6fbd09773fbf166515",
                "cluster_name": "cluster-atlas-terraformtest",
                "next_snapshot": "2022-03-26T05:31:19Z",
                "policies": [
                  {
                    "id": "623e50c6b8c5c278b6f02e4e",
                    "policy_item": [
                      {
                        "frequency_interval": 6,
                        "frequency_type": "hourly",
                        "id": "623e50c6b8c5c278b6f02e4f",
                        "retention_unit": "days",
                        "retention_value": 2
                      },
                      {
                        "frequency_interval": 1,
                        "frequency_type": "daily",
                        "id": "623e50c6b8c5c278b6f02e50",
                        "retention_unit": "days",
                        "retention_value": 7
                      },
                      {
                        "frequency_interval": 6,
                        "frequency_type": "weekly",
                        "id": "623e50c6b8c5c278b6f02e51",
                        "retention_unit": "weeks",
                        "retention_value": 4
                      },
                      {
                        "frequency_interval": 40,
                        "frequency_type": "monthly",
                        "id": "623e50c6b8c5c278b6f02e52",
                        "retention_unit": "months",
                        "retention_value": 12
                      }
                    ]
                  }
                ],
                "reference_hour_of_day": 23,
                "reference_minute_of_hour": 31,
                "restore_window_days": 7,
                "update_snapshots": false
              }
            ],
            "srv_address": "mongodb+srv://cluster-atlas-terraform.ilpil.mongodb.net",
            "state_name": "IDLE",
            "version_release_system": "LTS"
          },
          "sensitive_attributes": [],
          "private": "eyJzY2hlbWFfdmVyc2lvbiI6IjEifQ==",
          "dependencies": [
            "mongodbatlas_project.aws_atlas"
          ]
        }
      ]
    },
    {
      "mode": "managed",
      "type": "mongodbatlas_database_user",
      "name": "db-user",
      "provider": "provider[\"registry.terraform.io/mongodb/mongodbatlas\"]",
      "instances": [
        {
          "schema_version": 0,
          "attributes": {
            "auth_database_name": "admin",
            "aws_iam_type": "NONE",
            "database_name": null,
            "id": "YXV0aF9kYXRhYmFzZV9uYW1l:YWRtaW4=-cHJvamVjdF9pZA==:NjIzZTRlNmQxMjllNGIyYTAyMjdlMDE0-dXNlcm5hbWU=:VGVycmFmb3JtX3VzZXI=",
            "labels": [],
            "ldap_auth_type": "NONE",
            "password": "Terraform_pass",
            "project_id": "623e4e6d129e4b2a0227e014",
            "roles": [
              {
                "collection_name": "",
                "database_name": "admin",
                "role_name": "readWriteAnyDatabase"
              }
            ],
            "scopes": [],
            "username": "Terraform_user",
            "x509_type": "NONE"
          },
          "sensitive_attributes": [],
          "private": "bnVsbA==",
          "dependencies": [
            "mongodbatlas_project.aws_atlas"
          ]
        }
      ]
    },
    {
      "mode": "managed",
      "type": "mongodbatlas_network_container",
      "name": "atlas_container",
      "provider": "provider[\"registry.terraform.io/mongodb/mongodbatlas\"]",
      "instances": [
        {
          "schema_version": 0,
          "attributes": {
            "atlas_cidr_block": "192.168.240.0/21",
            "azure_subscription_id": "",
            "container_id": "623e4e6f42ad90568a08c261",
            "gcp_project_id": "",
            "id": "Y29udGFpbmVyX2lk:NjIzZTRlNmY0MmFkOTA1NjhhMDhjMjYx-cHJvamVjdF9pZA==:NjIzZTRlNmQxMjllNGIyYTAyMjdlMDE0",
            "network_name": "",
            "project_id": "623e4e6d129e4b2a0227e014",
            "provider_name": "AWS",
            "provisioned": false,
            "region": "",
            "region_name": "US_EAST_1",
            "regions": null,
            "vnet_name": "",
            "vpc_id": ""
          },
          "sensitive_attributes": [],
          "private": "bnVsbA==",
          "dependencies": [
            "mongodbatlas_project.aws_atlas"
          ]
        }
      ]
    },
    {
      "mode": "managed",
      "type": "mongodbatlas_network_peering",
      "name": "aws-atlas",
      "provider": "provider[\"registry.terraform.io/mongodb/mongodbatlas\"]",
      "instances": [
        {
          "schema_version": 0,
          "attributes": {
            "accepter_region_name": "us-east-1",
            "atlas_cidr_block": null,
            "atlas_gcp_project_id": "",
            "atlas_id": "623e4e799e50a773400beb17",
            "atlas_vpc_name": "",
            "aws_account_id": "744965948494",
            "azure_directory_id": "",
            "azure_subscription_id": "",
            "connection_id": "pcx-0b316cf75043b1310",
            "container_id": "623e4e6f42ad90568a08c261",
            "error_message": "",
            "error_state": "",
            "error_state_name": "",
            "gcp_project_id": "",
            "id": "cGVlcl9pZA==:NjIzZTRlNzk5ZTUwYTc3MzQwMGJlYjE3-cHJvamVjdF9pZA==:NjIzZTRlNmQxMjllNGIyYTAyMjdlMDE0-cHJvdmlkZXJfbmFtZQ==:QVdT",
            "network_name": "",
            "peer_id": "623e4e799e50a773400beb17",
            "project_id": "623e4e6d129e4b2a0227e014",
            "provider_name": "AWS",
            "resource_group_name": "",
            "route_table_cidr_block": "10.0.0.0/24",
            "status": "",
            "status_name": "PENDING_ACCEPTANCE",
            "vnet_name": "",
            "vpc_id": "vpc-0c5ce313dcf64677b"
          },
          "sensitive_attributes": [],
          "private": "bnVsbA==",
          "dependencies": [
            "aws_vpc.primary",
            "mongodbatlas_network_container.atlas_container",
            "mongodbatlas_project.aws_atlas"
          ]
        }
      ]
    },
    {
      "mode": "managed",
      "type": "mongodbatlas_project",
      "name": "aws_atlas",
      "provider": "provider[\"registry.terraform.io/mongodb/mongodbatlas\"]",
      "instances": [
        {
          "schema_version": 0,
          "attributes": {
            "api_keys": [
              {
                "api_key_id": "6239f64578c430085515be56",
                "role_names": [
                  "GROUP_OWNER"
                ]
              }
            ],
            "cluster_count": 0,
            "created": "2022-03-25T23:21:18Z",
            "id": "623e4e6d129e4b2a0227e014",
            "name": "cbaird-new",
            "org_id": "5bd8d131d5ec13629c9b30cb",
            "project_owner_id": null,
            "teams": [],
            "with_default_alerts_settings": true
          },
          "sensitive_attributes": [],
          "private": "bnVsbA=="
        }
      ]
    },
    {
      "mode": "managed",
      "type": "mongodbatlas_project_ip_access_list",
      "name": "test",
      "provider": "provider[\"registry.terraform.io/mongodb/mongodbatlas\"]",
      "instances": [
        {
          "schema_version": 0,
          "attributes": {
            "aws_security_group": "",
            "cidr_block": "10.0.0.0/24",
            "comment": "cidr block for AWS VPC",
            "id": "ZW50cnk=:MTAuMC4wLjAvMjQ=-cHJvamVjdF9pZA==:NjIzZTRlNmQxMjllNGIyYTAyMjdlMDE0",
            "ip_address": "",
            "project_id": "623e4e6d129e4b2a0227e014",
            "timeouts": null
          },
          "sensitive_attributes": [],
          "private": "eyJlMmJmYjczMC1lY2FhLTExZTYtOGY4OC0zNDM2M2JjN2M0YzAiOnsiZGVsZXRlIjoyNzAwMDAwMDAwMDAwLCJyZWFkIjoyNzAwMDAwMDAwMDAwfX0=",
          "dependencies": [
            "aws_vpc.primary",
            "mongodbatlas_project.aws_atlas"
          ]
        }
      ]
    }
  ]
}
